
Microsoft Visual Studio Solution File, Format Version 12.00
# Visual Studio 15
VisualStudioVersion = 15.0.26730.16
MinimumVisualStudioVersion = 10.0.40219.1
Project("{9A19103F-16F7-4668-BE54-9A1E7A4F7556}") = "AG.Common", "AG.Common\AG.Common.csproj", "{C2502BE2-FD27-4977-93C3-2E37114938FF}"
EndProject
Project("{9A19103F-16F7-4668-BE54-9A1E7A4F7556}") = "AG.Common.Tests", "AG.Common.Tests\AG.Common.Tests.csproj", "{03164105-DD5D-4955-8F72-4CA10912381F}"
EndProject
Project("{9A19103F-16F7-4668-BE54-9A1E7A4F7556}") = "AG.TweeterConsoleApp", "AG.TweeterConsoleApp\AG.TweeterConsoleApp.csproj", "{A8EC56B7-DE86-4DC1-B00D-CEDDAF80FF8F}"
EndProject
Project("{9A19103F-16F7-4668-BE54-9A1E7A4F7556}") = "AG.TweeterConsoleApp.Tests", "AG.TweeterConsoleApp.Tests\AG.TweeterConsoleApp.Tests.csproj", "{3A117B22-1998-41EA-B6F4-41EE7C49B251}"
EndProject
Project("{9A19103F-16F7-4668-BE54-9A1E7A4F7556}") = "AG.TweeterService", "AG.TweeterService\AG.TweeterService.csproj", "{AA58DD2C-0048-44B1-98D9-C2BB0063FA99}"
EndProject
Project("{9A19103F-16F7-4668-BE54-9A1E7A4F7556}") = "AG.TweeterService.Tests", "AG.TweeterService.Tests\AG.TweeterService.Tests.csproj", "{31B235E1-DDF6-4859-80D2-D6CC9E8155C4}"
EndProject
Project("{FAE04EC0-301F-11D3-BF4B-00C04F79EFBC}") = "AG.TweeterDAL", "AG.TweeterDAL\AG.TweeterDAL.csproj", "{B51C35CB-A0DB-45A4-8720-90AF86525535}"
EndProject
Global
	GlobalSection(SolutionConfigurationPlatforms) = preSolution
		Debug|Any CPU = Debug|Any CPU
		Release|Any CPU = Release|Any CPU
	EndGlobalSection
	GlobalSection(ProjectConfigurationPlatforms) = postSolution
		{C2502BE2-FD27-4977-93C3-2E37114938FF}.Debug|Any CPU.ActiveCfg = Debug|Any CPU
		{C2502BE2-FD27-4977-93C3-2E37114938FF}.Debug|Any CPU.Build.0 = Debug|Any CPU
		{C2502BE2-FD27-4977-93C3-2E37114938FF}.Release|Any CPU.ActiveCfg = Release|Any CPU
		{C2502BE2-FD27-4977-93C3-2E37114938FF}.Release|Any CPU.Build.0 = Release|Any CPU
		{03164105-DD5D-4955-8F72-4CA10912381F}.Debug|Any CPU.ActiveCfg = Debug|Any CPU
		{03164105-DD5D-4955-8F72-4CA10912381F}.Debug|Any CPU.Build.0 = Debug|Any CPU
		{03164105-DD5D-4955-8F72-4CA10912381F}.Release|Any CPU.ActiveCfg = Release|Any CPU
		{03164105-DD5D-4955-8F72-4CA10912381F}.Release|Any CPU.Build.0 = Release|Any CPU
		{A8EC56B7-DE86-4DC1-B00D-CEDDAF80FF8F}.Debug|Any CPU.ActiveCfg = Debug|Any CPU
		{A8EC56B7-DE86-4DC1-B00D-CEDDAF80FF8F}.Debug|Any CPU.Build.0 = Debug|Any CPU
		{A8EC56B7-DE86-4DC1-B00D-CEDDAF80FF8F}.Release|Any CPU.ActiveCfg = Release|Any CPU
		{A8EC56B7-DE86-4DC1-B00D-CEDDAF80FF8F}.Release|Any CPU.Build.0 = Release|Any CPU
		{3A117B22-1998-41EA-B6F4-41EE7C49B251}.Debug|Any CPU.ActiveCfg = Debug|Any CPU
		{3A117B22-1998-41EA-B6F4-41EE7C49B251}.Debug|Any CPU.Build.0 = Debug|Any CPU
		{3A117B22-1998-41EA-B6F4-41EE7C49B251}.Release|Any CPU.ActiveCfg = Release|Any CPU
		{3A117B22-1998-41EA-B6F4-41EE7C49B251}.Release|Any CPU.Build.0 = Release|Any CPU
		{AA58DD2C-0048-44B1-98D9-C2BB0063FA99}.Debug|Any CPU.ActiveCfg = Debug|Any CPU
		{AA58DD2C-0048-44B1-98D9-C2BB0063FA99}.Debug|Any CPU.Build.0 = Debug|Any CPU
		{AA58DD2C-0048-44B1-98D9-C2BB0063FA99}.Release|Any CPU.ActiveCfg = Release|Any CPU
		{AA58DD2C-0048-44B1-98D9-C2BB0063FA99}.Release|Any CPU.Build.0 = Release|Any CPU
		{31B235E1-DDF6-4859-80D2-D6CC9E8155C4}.Debug|Any CPU.ActiveCfg = Debug|Any CPU
		{31B235E1-DDF6-4859-80D2-D6CC9E8155C4}.Debug|Any CPU.Build.0 = Debug|Any CPU
		{31B235E1-DDF6-4859-80D2-D6CC9E8155C4}.Release|Any CPU.ActiveCfg = Release|Any CPU
		{31B235E1-DDF6-4859-80D2-D6CC9E8155C4}.Release|Any CPU.Build.0 = Release|Any CPU
		{B51C35CB-A0DB-45A4-8720-90AF86525535}.Debug|Any CPU.ActiveCfg = Debug|Any CPU
		{B51C35CB-A0DB-45A4-8720-90AF86525535}.Debug|Any CPU.Build.0 = Debug|Any CPU
		{B51C35CB-A0DB-45A4-8720-90AF86525535}.Release|Any CPU.ActiveCfg = Release|Any CPU
		{B51C35CB-A0DB-45A4-8720-90AF86525535}.Release|Any CPU.Build.0 = Release|Any CPU
	EndGlobalSection
	GlobalSection(SolutionProperties) = preSolution
		HideSolutionNode = FALSE
	EndGlobalSection
	GlobalSection(ExtensibilityGlobals) = postSolution
		SolutionGuid = {07AE01D8-8DDA-4D15-83C1-D0435495645B}
	EndGlobalSection
EndGlobal
